
Microsoft Visual Studio Solution File, Format Version 12.00
# Visual Studio Version 16
VisualStudioVersion = 16.0.30413.136
MinimumVisualStudioVersion = 10.0.40219.1
Project("{FAE04EC0-301F-11D3-BF4B-00C04F79EFBC}") = "MaquettePoule1", "MaquettePoule1\MaquettePoule1.csproj", "{0CF73426-4649-4332-BD8F-173864EB792F}"
EndProject
Global
	GlobalSection(SolutionConfigurationPlatforms) = preSolution
		Debug|Any CPU = Debug|Any CPU
		Release|Any CPU = Release|Any CPU
	EndGlobalSection
	GlobalSection(ProjectConfigurationPlatforms) = postSolution
		{0CF73426-4649-4332-BD8F-173864EB792F}.Debug|Any CPU.ActiveCfg = Debug|Any CPU
		{0CF73426-4649-4332-BD8F-173864EB792F}.Debug|Any CPU.Build.0 = Debug|Any CPU
		{0CF73426-4649-4332-BD8F-173864EB792F}.Release|Any CPU.ActiveCfg = Release|Any CPU
		{0CF73426-4649-4332-BD8F-173864EB792F}.Release|Any CPU.Build.0 = Release|Any CPU
	EndGlobalSection
	GlobalSection(SolutionProperties) = preSolution
		HideSolutionNode = FALSE
	EndGlobalSection
	GlobalSection(ExtensibilityGlobals) = postSolution
		SolutionGuid = {98A24AC7-BEE5-4BEC-9184-C8D73C7D0FF9}
	EndGlobalSection
EndGlobal
