
Microsoft Visual Studio Solution File, Format Version 12.00
# Visual Studio Version 16
VisualStudioVersion = 16.0.30413.136
MinimumVisualStudioVersion = 10.0.40219.1
Project("{FAE04EC0-301F-11D3-BF4B-00C04F79EFBC}") = "PoulaillerMaquette", "PoulaillerMaquette\PoulaillerMaquette.csproj", "{99AE21D7-D0C5-4196-A4BF-3D01F672449E}"
EndProject
Global
	GlobalSection(SolutionConfigurationPlatforms) = preSolution
		Debug|Any CPU = Debug|Any CPU
		Debug|x64 = Debug|x64
		Release|Any CPU = Release|Any CPU
		Release|x64 = Release|x64
		test|Any CPU = test|Any CPU
		test|x64 = test|x64
	EndGlobalSection
	GlobalSection(ProjectConfigurationPlatforms) = postSolution
		{99AE21D7-D0C5-4196-A4BF-3D01F672449E}.Debug|Any CPU.ActiveCfg = Debug|Any CPU
		{99AE21D7-D0C5-4196-A4BF-3D01F672449E}.Debug|Any CPU.Build.0 = Debug|Any CPU
		{99AE21D7-D0C5-4196-A4BF-3D01F672449E}.Debug|x64.ActiveCfg = Debug|x64
		{99AE21D7-D0C5-4196-A4BF-3D01F672449E}.Debug|x64.Build.0 = Debug|x64
		{99AE21D7-D0C5-4196-A4BF-3D01F672449E}.Release|Any CPU.ActiveCfg = Release|Any CPU
		{99AE21D7-D0C5-4196-A4BF-3D01F672449E}.Release|Any CPU.Build.0 = Release|Any CPU
		{99AE21D7-D0C5-4196-A4BF-3D01F672449E}.Release|x64.ActiveCfg = Release|x64
		{99AE21D7-D0C5-4196-A4BF-3D01F672449E}.Release|x64.Build.0 = Release|x64
		{99AE21D7-D0C5-4196-A4BF-3D01F672449E}.test|Any CPU.ActiveCfg = test|Any CPU
		{99AE21D7-D0C5-4196-A4BF-3D01F672449E}.test|Any CPU.Build.0 = test|Any CPU
		{99AE21D7-D0C5-4196-A4BF-3D01F672449E}.test|x64.ActiveCfg = test|x64
		{99AE21D7-D0C5-4196-A4BF-3D01F672449E}.test|x64.Build.0 = test|x64
	EndGlobalSection
	GlobalSection(SolutionProperties) = preSolution
		HideSolutionNode = FALSE
	EndGlobalSection
	GlobalSection(ExtensibilityGlobals) = postSolution
		SolutionGuid = {15BA6F37-151F-4EC3-93D2-D9093DF8C79A}
	EndGlobalSection
EndGlobal
